
Microsoft Visual Studio Solution File, Format Version 12.00
# Visual Studio Version 17
VisualStudioVersion = 17.5.33530.505
MinimumVisualStudioVersion = 10.0.40219.1
Project("{FAE04EC0-301F-11D3-BF4B-00C04F79EFBC}") = "ilkodevim", "ilkodevim\ilkodevim.csproj", "{7E84CDF1-3DCE-4C61-8E8C-7B0A1AAEB058}"
EndProject
Global
	GlobalSection(SolutionConfigurationPlatforms) = preSolution
		Debug|Any CPU = Debug|Any CPU
		Release|Any CPU = Release|Any CPU
	EndGlobalSection
	GlobalSection(ProjectConfigurationPlatforms) = postSolution
		{7E84CDF1-3DCE-4C61-8E8C-7B0A1AAEB058}.Debug|Any CPU.ActiveCfg = Debug|Any CPU
		{7E84CDF1-3DCE-4C61-8E8C-7B0A1AAEB058}.Debug|Any CPU.Build.0 = Debug|Any CPU
		{7E84CDF1-3DCE-4C61-8E8C-7B0A1AAEB058}.Release|Any CPU.ActiveCfg = Release|Any CPU
		{7E84CDF1-3DCE-4C61-8E8C-7B0A1AAEB058}.Release|Any CPU.Build.0 = Release|Any CPU
	EndGlobalSection
	GlobalSection(SolutionProperties) = preSolution
		HideSolutionNode = FALSE
	EndGlobalSection
	GlobalSection(ExtensibilityGlobals) = postSolution
		SolutionGuid = {21B7D57A-D362-481F-99F9-2307E2EC0F20}
	EndGlobalSection
EndGlobal
